
Microsoft Visual Studio Solution File, Format Version 12.00
# Visual Studio Version 17
VisualStudioVersion = 17.2.32630.192
MinimumVisualStudioVersion = 10.0.40219.1
Project("{FAE04EC0-301F-11D3-BF4B-00C04F79EFBC}") = "TestISeriesConnection", "TestISeriesConnection\TestISeriesConnection.csproj", "{F99165A2-33B8-4FAF-A6DC-315EF9B548AF}"
EndProject
Global
	GlobalSection(SolutionConfigurationPlatforms) = preSolution
		Debug|Any CPU = Debug|Any CPU
		Release|Any CPU = Release|Any CPU
	EndGlobalSection
	GlobalSection(ProjectConfigurationPlatforms) = postSolution
		{F99165A2-33B8-4FAF-A6DC-315EF9B548AF}.Debug|Any CPU.ActiveCfg = Debug|Any CPU
		{F99165A2-33B8-4FAF-A6DC-315EF9B548AF}.Debug|Any CPU.Build.0 = Debug|Any CPU
		{F99165A2-33B8-4FAF-A6DC-315EF9B548AF}.Release|Any CPU.ActiveCfg = Release|Any CPU
		{F99165A2-33B8-4FAF-A6DC-315EF9B548AF}.Release|Any CPU.Build.0 = Release|Any CPU
	EndGlobalSection
	GlobalSection(SolutionProperties) = preSolution
		HideSolutionNode = FALSE
	EndGlobalSection
	GlobalSection(ExtensibilityGlobals) = postSolution
		SolutionGuid = {893001FB-B2F6-47C9-8BE7-47721BA3F5A5}
	EndGlobalSection
EndGlobal
